
Microsoft Visual Studio Solution File, Format Version 12.00
# Visual Studio Version 17
VisualStudioVersion = 17.8.34408.163
MinimumVisualStudioVersion = 10.0.40219.1
Project("{8BC9CEB8-8B4A-11D0-8D11-00A0C91BC942}") = "AVL Tree", "AVL Tree\AVL Tree.vcxproj", "{FE655801-9235-4C80-8D18-24EB993BBB55}"
EndProject
Project("{8BC9CEB8-8B4A-11D0-8D11-00A0C91BC942}") = "Red-Black Tree", "Red-Black Tree\Red-Black Tree.vcxproj", "{5CFC21D3-11DA-482B-AD95-328246F90358}"
EndProject
Project("{8BC9CEB8-8B4A-11D0-8D11-00A0C91BC942}") = "AA Tree", "AA Tree\AA Tree.vcxproj", "{E1E47E01-47AB-4FDC-A6F9-815DD6669AEA}"
EndProject
Project("{8BC9CEB8-8B4A-11D0-8D11-00A0C91BC942}") = "Trie", "Trie\Trie.vcxproj", "{362C8990-7301-4B5A-9E60-C5623184DDA3}"
EndProject
Project("{8BC9CEB8-8B4A-11D0-8D11-00A0C91BC942}") = "Ternary Search Tree", "Ternary Search Tree\Ternary Search Tree.vcxproj", "{1E5DF170-14CA-41FE-AEE6-555051EC3201}"
EndProject
Project("{8BC9CEB8-8B4A-11D0-8D11-00A0C91BC942}") = "Hash Table", "Hash Table\Hash Table.vcxproj", "{32003D0B-B735-4AE6-9B14-2D4DECD53922}"
EndProject
Project("{8BC9CEB8-8B4A-11D0-8D11-00A0C91BC942}") = "Skip List", "Skip List\Skip List.vcxproj", "{F5A91394-38A7-4940-B75D-32D415915CDF}"
EndProject
Global
	GlobalSection(SolutionConfigurationPlatforms) = preSolution
		Debug|x64 = Debug|x64
		Debug|x86 = Debug|x86
		Release|x64 = Release|x64
		Release|x86 = Release|x86
	EndGlobalSection
	GlobalSection(ProjectConfigurationPlatforms) = postSolution
		{FE655801-9235-4C80-8D18-24EB993BBB55}.Debug|x64.ActiveCfg = Debug|x64
		{FE655801-9235-4C80-8D18-24EB993BBB55}.Debug|x64.Build.0 = Debug|x64
		{FE655801-9235-4C80-8D18-24EB993BBB55}.Debug|x86.ActiveCfg = Debug|Win32
		{FE655801-9235-4C80-8D18-24EB993BBB55}.Debug|x86.Build.0 = Debug|Win32
		{FE655801-9235-4C80-8D18-24EB993BBB55}.Release|x64.ActiveCfg = Release|x64
		{FE655801-9235-4C80-8D18-24EB993BBB55}.Release|x64.Build.0 = Release|x64
		{FE655801-9235-4C80-8D18-24EB993BBB55}.Release|x86.ActiveCfg = Release|Win32
		{FE655801-9235-4C80-8D18-24EB993BBB55}.Release|x86.Build.0 = Release|Win32
		{5CFC21D3-11DA-482B-AD95-328246F90358}.Debug|x64.ActiveCfg = Debug|x64
		{5CFC21D3-11DA-482B-AD95-328246F90358}.Debug|x64.Build.0 = Debug|x64
		{5CFC21D3-11DA-482B-AD95-328246F90358}.Debug|x86.ActiveCfg = Debug|Win32
		{5CFC21D3-11DA-482B-AD95-328246F90358}.Debug|x86.Build.0 = Debug|Win32
		{5CFC21D3-11DA-482B-AD95-328246F90358}.Release|x64.ActiveCfg = Release|x64
		{5CFC21D3-11DA-482B-AD95-328246F90358}.Release|x64.Build.0 = Release|x64
		{5CFC21D3-11DA-482B-AD95-328246F90358}.Release|x86.ActiveCfg = Release|Win32
		{5CFC21D3-11DA-482B-AD95-328246F90358}.Release|x86.Build.0 = Release|Win32
		{E1E47E01-47AB-4FDC-A6F9-815DD6669AEA}.Debug|x64.ActiveCfg = Debug|x64
		{E1E47E01-47AB-4FDC-A6F9-815DD6669AEA}.Debug|x64.Build.0 = Debug|x64
		{E1E47E01-47AB-4FDC-A6F9-815DD6669AEA}.Debug|x86.ActiveCfg = Debug|Win32
		{E1E47E01-47AB-4FDC-A6F9-815DD6669AEA}.Debug|x86.Build.0 = Debug|Win32
		{E1E47E01-47AB-4FDC-A6F9-815DD6669AEA}.Release|x64.ActiveCfg = Release|x64
		{E1E47E01-47AB-4FDC-A6F9-815DD6669AEA}.Release|x64.Build.0 = Release|x64
		{E1E47E01-47AB-4FDC-A6F9-815DD6669AEA}.Release|x86.ActiveCfg = Release|Win32
		{E1E47E01-47AB-4FDC-A6F9-815DD6669AEA}.Release|x86.Build.0 = Release|Win32
		{362C8990-7301-4B5A-9E60-C5623184DDA3}.Debug|x64.ActiveCfg = Debug|x64
		{362C8990-7301-4B5A-9E60-C5623184DDA3}.Debug|x64.Build.0 = Debug|x64
		{362C8990-7301-4B5A-9E60-C5623184DDA3}.Debug|x86.ActiveCfg = Debug|Win32
		{362C8990-7301-4B5A-9E60-C5623184DDA3}.Debug|x86.Build.0 = Debug|Win32
		{362C8990-7301-4B5A-9E60-C5623184DDA3}.Release|x64.ActiveCfg = Release|x64
		{362C8990-7301-4B5A-9E60-C5623184DDA3}.Release|x64.Build.0 = Release|x64
		{362C8990-7301-4B5A-9E60-C5623184DDA3}.Release|x86.ActiveCfg = Release|Win32
		{362C8990-7301-4B5A-9E60-C5623184DDA3}.Release|x86.Build.0 = Release|Win32
		{1E5DF170-14CA-41FE-AEE6-555051EC3201}.Debug|x64.ActiveCfg = Debug|x64
		{1E5DF170-14CA-41FE-AEE6-555051EC3201}.Debug|x64.Build.0 = Debug|x64
		{1E5DF170-14CA-41FE-AEE6-555051EC3201}.Debug|x86.ActiveCfg = Debug|Win32
		{1E5DF170-14CA-41FE-AEE6-555051EC3201}.Debug|x86.Build.0 = Debug|Win32
		{1E5DF170-14CA-41FE-AEE6-555051EC3201}.Release|x64.ActiveCfg = Release|x64
		{1E5DF170-14CA-41FE-AEE6-555051EC3201}.Release|x64.Build.0 = Release|x64
		{1E5DF170-14CA-41FE-AEE6-555051EC3201}.Release|x86.ActiveCfg = Release|Win32
		{1E5DF170-14CA-41FE-AEE6-555051EC3201}.Release|x86.Build.0 = Release|Win32
		{32003D0B-B735-4AE6-9B14-2D4DECD53922}.Debug|x64.ActiveCfg = Debug|x64
		{32003D0B-B735-4AE6-9B14-2D4DECD53922}.Debug|x64.Build.0 = Debug|x64
		{32003D0B-B735-4AE6-9B14-2D4DECD53922}.Debug|x86.ActiveCfg = Debug|Win32
		{32003D0B-B735-4AE6-9B14-2D4DECD53922}.Debug|x86.Build.0 = Debug|Win32
		{32003D0B-B735-4AE6-9B14-2D4DECD53922}.Release|x64.ActiveCfg = Release|x64
		{32003D0B-B735-4AE6-9B14-2D4DECD53922}.Release|x64.Build.0 = Release|x64
		{32003D0B-B735-4AE6-9B14-2D4DECD53922}.Release|x86.ActiveCfg = Release|Win32
		{32003D0B-B735-4AE6-9B14-2D4DECD53922}.Release|x86.Build.0 = Release|Win32
		{F5A91394-38A7-4940-B75D-32D415915CDF}.Debug|x64.ActiveCfg = Debug|x64
		{F5A91394-38A7-4940-B75D-32D415915CDF}.Debug|x64.Build.0 = Debug|x64
		{F5A91394-38A7-4940-B75D-32D415915CDF}.Debug|x86.ActiveCfg = Debug|Win32
		{F5A91394-38A7-4940-B75D-32D415915CDF}.Debug|x86.Build.0 = Debug|Win32
		{F5A91394-38A7-4940-B75D-32D415915CDF}.Release|x64.ActiveCfg = Release|x64
		{F5A91394-38A7-4940-B75D-32D415915CDF}.Release|x64.Build.0 = Release|x64
		{F5A91394-38A7-4940-B75D-32D415915CDF}.Release|x86.ActiveCfg = Release|Win32
		{F5A91394-38A7-4940-B75D-32D415915CDF}.Release|x86.Build.0 = Release|Win32
	EndGlobalSection
	GlobalSection(SolutionProperties) = preSolution
		HideSolutionNode = FALSE
	EndGlobalSection
	GlobalSection(ExtensibilityGlobals) = postSolution
		SolutionGuid = {12C0A98C-0A63-46FC-A74E-A6DF3AE4689E}
	EndGlobalSection
EndGlobal
